{
  "version": 4,
  "terraform_version": "1.10.4",
  "serial": 1,
  "lineage": "7d0f47ce-922c-ff5a-5c2e-db1cc6dddab0",
  "outputs": {},
  "resources": [
    {
      "mode": "managed",
      "type": "spotify_playlist",
      "name": "Bollywood",
      "provider": "provider[\"registry.terraform.io/conradludgate/spotify\"]",
      "instances": [
        {
          "schema_version": 0,
          "attributes": {
            "description": null,
            "id": "2P8UcyFpAbo5ucLbjHuFpJ",
            "name": "Bollywood",
            "public": true,
            "snapshot_id": "AAAAAoX9mLXU7qdUqlAw3RU58rrrpyla",
            "tracks": [
              "6mdLX10dvBb7rGYbMXpKzz"
            ]
          },
          "sensitive_attributes": [],
          "private": "bnVsbA=="
        }
      ]
    }
  ],
  "check_results": null
}
